// !$*UTF8*$!
{
	archiveVersion = 1;
	classes = {
	};
	objectVersion = 46;
	objects = {

/* Begin PBXBuildFile section */
		46B70E311C9477180054EC03 /* AppDelegate.swift in Sources */ = {isa = PBXBuildFile; fileRef = 46B70E301C9477180054EC03 /* AppDelegate.swift */; };
		46B70E331C9477180054EC03 /* Login.swift in Sources */ = {isa = PBXBuildFile; fileRef = 46B70E321C9477180054EC03 /* Login.swift */; };
		46B70E361C9477180054EC03 /* Main.storyboard in Resources */ = {isa = PBXBuildFile; fileRef = 46B70E341C9477180054EC03 /* Main.storyboard */; };
		46B70E381C9477180054EC03 /* Images.xcassets in Resources */ = {isa = PBXBuildFile; fileRef = 46B70E371C9477180054EC03 /* Images.xcassets */; };
		46B70E3B1C9477180054EC03 /* LaunchScreen.xib in Resources */ = {isa = PBXBuildFile; fileRef = 46B70E391C9477180054EC03 /* LaunchScreen.xib */; };
		46B70E471C9477180054EC03 /* myContactInfoTests.swift in Sources */ = {isa = PBXBuildFile; fileRef = 46B70E461C9477180054EC03 /* myContactInfoTests.swift */; };
		46B70E511C9477890054EC03 /* MyTableVC.swift in Sources */ = {isa = PBXBuildFile; fileRef = 46B70E501C9477890054EC03 /* MyTableVC.swift */; };
		46B70E5B1C9480650054EC03 /* DetailsVC.swift in Sources */ = {isa = PBXBuildFile; fileRef = 46B70E5A1C9480650054EC03 /* DetailsVC.swift */; };
		46B70E5F1C9488AB0054EC03 /* ContactInfo.swift in Sources */ = {isa = PBXBuildFile; fileRef = 46B70E5E1C9488AB0054EC03 /* ContactInfo.swift */; };
/* End PBXBuildFile section */

/* Begin PBXContainerItemProxy section */
		46B70E411C9477180054EC03 /* PBXContainerItemProxy */ = {
			isa = PBXContainerItemProxy;
			containerPortal = 46B70E231C9477180054EC03 /* Project object */;
			proxyType = 1;
			remoteGlobalIDString = 46B70E2A1C9477180054EC03;
			remoteInfo = myContactInfo;
		};
/* End PBXContainerItemProxy section */

/* Begin PBXFileReference section */
		46B70E2B1C9477180054EC03 /* myContactInfo.app */ = {isa = PBXFileReference; explicitFileType = wrapper.application; includeInIndex = 0; path = myContactInfo.app; sourceTree = BUILT_PRODUCTS_DIR; };
		46B70E2F1C9477180054EC03 /* Info.plist */ = {isa = PBXFileReference; lastKnownFileType = text.plist.xml; path = Info.plist; sourceTree = "<group>"; };
		46B70E301C9477180054EC03 /* AppDelegate.swift */ = {isa = PBXFileReference; lastKnownFileType = sourcecode.swift; path = AppDelegate.swift; sourceTree = "<group>"; };
		46B70E321C9477180054EC03 /* Login.swift */ = {isa = PBXFileReference; lastKnownFileType = sourcecode.swift; path = Login.swift; sourceTree = "<group>"; };
		46B70E351C9477180054EC03 /* Base */ = {isa = PBXFileReference; lastKnownFileType = file.storyboard; name = Base; path = Base.lproj/Main.storyboard; sourceTree = "<group>"; };
		46B70E371C9477180054EC03 /* Images.xcassets */ = {isa = PBXFileReference; lastKnownFileType = folder.assetcatalog; path = Images.xcassets; sourceTree = "<group>"; };
		46B70E3A1C9477180054EC03 /* Base */ = {isa = PBXFileReference; lastKnownFileType = file.xib; name = Base; path = Base.lproj/LaunchScreen.xib; sourceTree = "<group>"; };
		46B70E401C9477180054EC03 /* myContactInfoTests.xctest */ = {isa = PBXFileReference; explicitFileType = wrapper.cfbundle; includeInIndex = 0; path = myContactInfoTests.xctest; sourceTree = BUILT_PRODUCTS_DIR; };
		46B70E451C9477180054EC03 /* Info.plist */ = {isa = PBXFileReference; lastKnownFileType = text.plist.xml; path = Info.plist; sourceTree = "<group>"; };
		46B70E461C9477180054EC03 /* myContactInfoTests.swift */ = {isa = PBXFileReference; lastKnownFileType = sourcecode.swift; path = myContactInfoTests.swift; sourceTree = "<group>"; };
		46B70E501C9477890054EC03 /* MyTableVC.swift */ = {isa = PBXFileReference; fileEncoding = 4; lastKnownFileType = sourcecode.swift; path = MyTableVC.swift; sourceTree = "<group>"; };
		46B70E5A1C9480650054EC03 /* DetailsVC.swift */ = {isa = PBXFileReference; fileEncoding = 4; lastKnownFileType = sourcecode.swift; path = DetailsVC.swift; sourceTree = "<group>"; };
		46B70E5E1C9488AB0054EC03 /* ContactInfo.swift */ = {isa = PBXFileReference; fileEncoding = 4; lastKnownFileType = sourcecode.swift; path = ContactInfo.swift; sourceTree = "<group>"; };
/* End PBXFileReference section */

/* Begin PBXFrameworksBuildPhase section */
		46B70E281C9477180054EC03 /* Frameworks */ = {
			isa = PBXFrameworksBuildPhase;
			buildActionMask = 2147483647;
			files = (
			);
			runOnlyForDeploymentPostprocessing = 0;
		};
		46B70E3D1C9477180054EC03 /* Frameworks */ = {
			isa = PBXFrameworksBuildPhase;
			buildActionMask = 2147483647;
			files = (
			);
			runOnlyForDeploymentPostprocessing = 0;
		};
/* End PBXFrameworksBuildPhase section */

/* Begin PBXGroup section */
		46B70E221C9477180054EC03 = {
			isa = PBXGroup;
			children = (
				46B70E2D1C9477180054EC03 /* myContactInfo */,
				46B70E431C9477180054EC03 /* myContactInfoTests */,
				46B70E2C1C9477180054EC03 /* Products */,
			);
			sourceTree = "<group>";
		};
		46B70E2C1C9477180054EC03 /* Products */ = {
			isa = PBXGroup;
			children = (
				46B70E2B1C9477180054EC03 /* myContactInfo.app */,
				46B70E401C9477180054EC03 /* myContactInfoTests.xctest */,
			);
			name = Products;
			sourceTree = "<group>";
		};
		46B70E2D1C9477180054EC03 /* myContactInfo */ = {
			isa = PBXGroup;
			children = (
				46B70E301C9477180054EC03 /* AppDelegate.swift */,
				46B70E5E1C9488AB0054EC03 /* ContactInfo.swift */,
				46B70E5A1C9480650054EC03 /* DetailsVC.swift */,
				46B70E501C9477890054EC03 /* MyTableVC.swift */,
				46B70E321C9477180054EC03 /* Login.swift */,
				46B70E341C9477180054EC03 /* Main.storyboard */,
				46B70E371C9477180054EC03 /* Images.xcassets */,
				46B70E391C9477180054EC03 /* LaunchScreen.xib */,
				46B70E2E1C9477180054EC03 /* Supporting Files */,
			);
			path = myContactInfo;
			sourceTree = "<group>";
		};
		46B70E2E1C9477180054EC03 /* Supporting Files */ = {
			isa = PBXGroup;
			children = (
				46B70E2F1C9477180054EC03 /* Info.plist */,
			);
			name = "Supporting Files";
			sourceTree = "<group>";
		};
		46B70E431C9477180054EC03 /* myContactInfoTests */ = {
			isa = PBXGroup;
			children = (
				46B70E461C9477180054EC03 /* myContactInfoTests.swift */,
				46B70E441C9477180054EC03 /* Supporting Files */,
			);
			path = myContactInfoTests;
			sourceTree = "<group>";
		};
		46B70E441C9477180054EC03 /* Supporting Files */ = {
			isa = PBXGroup;
			children = (
				46B70E451C9477180054EC03 /* Info.plist */,
			);
			name = "Supporting Files";
			sourceTree = "<group>";
		};
/* End PBXGroup section */

/* Begin PBXNativeTarget section */
		46B70E2A1C9477180054EC03 /* myContactInfo */ = {
			isa = PBXNativeTarget;
			buildConfigurationList = 46B70E4A1C9477180054EC03 /* Build configuration list for PBXNativeTarget "myContactInfo" */;
			buildPhases = (
				46B70E271C9477180054EC03 /* Sources */,
				46B70E281C9477180054EC03 /* Frameworks */,
				46B70E291C9477180054EC03 /* Resources */,
			);
			buildRules = (
			);
			dependencies = (
			);
			name = myContactInfo;
			productName = myContactInfo;
			productReference = 46B70E2B1C9477180054EC03 /* myContactInfo.app */;
			productType = "com.apple.product-type.application";
		};
		46B70E3F1C9477180054EC03 /* myContactInfoTests */ = {
			isa = PBXNativeTarget;
			buildConfigurationList = 46B70E4D1C9477180054EC03 /* Build configuration list for PBXNativeTarget "myContactInfoTests" */;
			buildPhases = (
				46B70E3C1C9477180054EC03 /* Sources */,
				46B70E3D1C9477180054EC03 /* Frameworks */,
				46B70E3E1C9477180054EC03 /* Resources */,
			);
			buildRules = (
			);
			dependencies = (
				46B70E421C9477180054EC03 /* PBXTargetDependency */,
			);
			name = myContactInfoTests;
			productName = myContactInfoTests;
			productReference = 46B70E401C9477180054EC03 /* myContactInfoTests.xctest */;
			productType = "com.apple.product-type.bundle.unit-test";
		};
/* End PBXNativeTarget section */

/* Begin PBXProject section */
		46B70E231C9477180054EC03 /* Project object */ = {
			isa = PBXProject;
			attributes = {
				LastSwiftUpdateCheck = 0730;
				LastUpgradeCheck = 0630;
				ORGANIZATIONNAME = macadmin;
				TargetAttributes = {
					46B70E2A1C9477180054EC03 = {
						CreatedOnToolsVersion = 6.3;
						LastSwiftMigration = 0800;
					};
					46B70E3F1C9477180054EC03 = {
						CreatedOnToolsVersion = 6.3;
						LastSwiftMigration = 0800;
						TestTargetID = 46B70E2A1C9477180054EC03;
					};
				};
			};
			buildConfigurationList = 46B70E261C9477180054EC03 /* Build configuration list for PBXProject "myContactInfo" */;
			compatibilityVersion = "Xcode 3.2";
			developmentRegion = English;
			hasScannedForEncodings = 0;
			knownRegions = (
				en,
				Base,
			);
			mainGroup = 46B70E221C9477180054EC03;
			productRefGroup = 46B70E2C1C9477180054EC03 /* Products */;
			projectDirPath = "";
			projectRoot = "";
			targets = (
				46B70E2A1C9477180054EC03 /* myContactInfo */,
				46B70E3F1C9477180054EC03 /* myContactInfoTests */,
			);
		};
/* End PBXProject section */

/* Begin PBXResourcesBuildPhase section */
		46B70E291C9477180054EC03 /* Resources */ = {
			isa = PBXResourcesBuildPhase;
			buildActionMask = 2147483647;
			files = (
				46B70E361C9477180054EC03 /* Main.storyboard in Resources */,
				46B70E3B1C9477180054EC03 /* LaunchScreen.xib in Resources */,
				46B70E381C9477180054EC03 /* Images.xcassets in Resources */,
			);
			runOnlyForDeploymentPostprocessing = 0;
		};
		46B70E3E1C9477180054EC03 /* Resources */ = {
			isa = PBXResourcesBuildPhase;
			buildActionMask = 2147483647;
			files = (
			);
			runOnlyForDeploymentPostprocessing = 0;
		};
/* End PBXResourcesBuildPhase section */

/* Begin PBXSourcesBuildPhase section */
		46B70E271C9477180054EC03 /* Sources */ = {
			isa = PBXSourcesBuildPhase;
			buildActionMask = 2147483647;
			files = (
				46B70E331C9477180054EC03 /* Login.swift in Sources */,
				46B70E5F1C9488AB0054EC03 /* ContactInfo.swift in Sources */,
				46B70E5B1C9480650054EC03 /* DetailsVC.swift in Sources */,
				46B70E311C9477180054EC03 /* AppDelegate.swift in Sources */,
				46B70E511C9477890054EC03 /* MyTableVC.swift in Sources */,
			);
			runOnlyForDeploymentPostprocessing = 0;
		};
		46B70E3C1C9477180054EC03 /* Sources */ = {
			isa = PBXSourcesBuildPhase;
			buildActionMask = 2147483647;
			files = (
				46B70E471C9477180054EC03 /* myContactInfoTests.swift in Sources */,
			);
			runOnlyForDeploymentPostprocessing = 0;
		};
/* End PBXSourcesBuildPhase section */

/* Begin PBXTargetDependency section */
		46B70E421C9477180054EC03 /* PBXTargetDependency */ = {
			isa = PBXTargetDependency;
			target = 46B70E2A1C9477180054EC03 /* myContactInfo */;
			targetProxy = 46B70E411C9477180054EC03 /* PBXContainerItemProxy */;
		};
/* End PBXTargetDependency section */

/* Begin PBXVariantGroup section */
		46B70E341C9477180054EC03 /* Main.storyboard */ = {
			isa = PBXVariantGroup;
			children = (
				46B70E351C9477180054EC03 /* Base */,
			);
			name = Main.storyboard;
			sourceTree = "<group>";
		};
		46B70E391C9477180054EC03 /* LaunchScreen.xib */ = {
			isa = PBXVariantGroup;
			children = (
				46B70E3A1C9477180054EC03 /* Base */,
			);
			name = LaunchScreen.xib;
			sourceTree = "<group>";
		};
/* End PBXVariantGroup section */

/* Begin XCBuildConfiguration section */
		46B70E481C9477180054EC03 /* Debug */ = {
			isa = XCBuildConfiguration;
			buildSettings = {
				ALWAYS_SEARCH_USER_PATHS = NO;
				CLANG_CXX_LANGUAGE_STANDARD = "gnu++0x";
				CLANG_CXX_LIBRARY = "libc++";
				CLANG_ENABLE_MODULES = YES;
				CLANG_ENABLE_OBJC_ARC = YES;
				CLANG_WARN_BOOL_CONVERSION = YES;
				CLANG_WARN_CONSTANT_CONVERSION = YES;
				CLANG_WARN_DIRECT_OBJC_ISA_USAGE = YES_ERROR;
				CLANG_WARN_EMPTY_BODY = YES;
				CLANG_WARN_ENUM_CONVERSION = YES;
				CLANG_WARN_INT_CONVERSION = YES;
				CLANG_WARN_OBJC_ROOT_CLASS = YES_ERROR;
				CLANG_WARN_UNREACHABLE_CODE = YES;
				CLANG_WARN__DUPLICATE_METHOD_MATCH = YES;
				"CODE_SIGN_IDENTITY[sdk=iphoneos*]" = "iPhone Developer";
				COPY_PHASE_STRIP = NO;
				DEBUG_INFORMATION_FORMAT = "dwarf-with-dsym";
				ENABLE_STRICT_OBJC_MSGSEND = YES;
				GCC_C_LANGUAGE_STANDARD = gnu99;
				GCC_DYNAMIC_NO_PIC = NO;
				GCC_NO_COMMON_BLOCKS = YES;
				GCC_OPTIMIZATION_LEVEL = 0;
				GCC_PREPROCESSOR_DEFINITIONS = (
					"DEBUG=1",
					"$(inherited)",
				);
				GCC_SYMBOLS_PRIVATE_EXTERN = NO;
				GCC_WARN_64_TO_32_BIT_CONVERSION = YES;
				GCC_WARN_ABOUT_RETURN_TYPE = YES_ERROR;
				GCC_WARN_UNDECLARED_SELECTOR = YES;
				GCC_WARN_UNINITIALIZED_AUTOS = YES_AGGRESSIVE;
				GCC_WARN_UNUSED_FUNCTION = YES;
				GCC_WARN_UNUSED_VARIABLE = YES;
				IPHONEOS_DEPLOYMENT_TARGET = 8.3;
				MTL_ENABLE_DEBUG_INFO = YES;
				ONLY_ACTIVE_ARCH = YES;
				SDKROOT = iphoneos;
				SWIFT_OPTIMIZATION_LEVEL = "-Onone";
			};
			name = Debug;
		};
		46B70E491C9477180054EC03 /* Release */ = {
			isa = XCBuildConfiguration;
			buildSettings = {
				ALWAYS_SEARCH_USER_PATHS = NO;
				CLANG_CXX_LANGUAGE_STANDARD = "gnu++0x";
				CLANG_CXX_LIBRARY = "libc++";
				CLANG_ENABLE_MODULES = YES;
				CLANG_ENABLE_OBJC_ARC = YES;
				CLANG_WARN_BOOL_CONVERSION = YES;
				CLANG_WARN_CONSTANT_CONVERSION = YES;
				CLANG_WARN_DIRECT_OBJC_ISA_USAGE = YES_ERROR;
				CLANG_WARN_EMPTY_BODY = YES;
				CLANG_WARN_ENUM_CONVERSION = YES;
				CLANG_WARN_INT_CONVERSION = YES;
				CLANG_WARN_OBJC_ROOT_CLASS = YES_ERROR;
				CLANG_WARN_UNREACHABLE_CODE = YES;
				CLANG_WARN__DUPLICATE_METHOD_MATCH = YES;
				"CODE_SIGN_IDENTITY[sdk=iphoneos*]" = "iPhone Developer";
				COPY_PHASE_STRIP = NO;
				DEBUG_INFORMATION_FORMAT = "dwarf-with-dsym";
				ENABLE_NS_ASSERTIONS = NO;
				ENABLE_STRICT_OBJC_MSGSEND = YES;
				GCC_C_LANGUAGE_STANDARD = gnu99;
				GCC_NO_COMMON_BLOCKS = YES;
				GCC_WARN_64_TO_32_BIT_CONVERSION = YES;
				GCC_WARN_ABOUT_RETURN_TYPE = YES_ERROR;
				GCC_WARN_UNDECLARED_SELECTOR = YES;
				GCC_WARN_UNINITIALIZED_AUTOS = YES_AGGRESSIVE;
				GCC_WARN_UNUSED_FUNCTION = YES;
				GCC_WARN_UNUSED_VARIABLE = YES;
				IPHONEOS_DEPLOYMENT_TARGET = 8.3;
				MTL_ENABLE_DEBUG_INFO = NO;
				SDKROOT = iphoneos;
				VALIDATE_PRODUCT = YES;
			};
			name = Release;
		};
		46B70E4B1C9477180054EC03 /* Debug */ = {
			isa = XCBuildConfiguration;
			buildSettings = {
				ASSETCATALOG_COMPILER_APPICON_NAME = AppIcon;
				INFOPLIST_FILE = myContactInfo/Info.plist;
				LD_RUNPATH_SEARCH_PATHS = "$(inherited) @executable_path/Frameworks";
				PRODUCT_NAME = "$(TARGET_NAME)";
				SWIFT_VERSION = 3.0;
			};
			name = Debug;
		};
		46B70E4C1C9477180054EC03 /* Release */ = {
			isa = XCBuildConfiguration;
			buildSettings = {
				ASSETCATALOG_COMPILER_APPICON_NAME = AppIcon;
				INFOPLIST_FILE = myContactInfo/Info.plist;
				LD_RUNPATH_SEARCH_PATHS = "$(inherited) @executable_path/Frameworks";
				PRODUCT_NAME = "$(TARGET_NAME)";
				SWIFT_VERSION = 3.0;
			};
			name = Release;
		};
		46B70E4E1C9477180054EC03 /* Debug */ = {
			isa = XCBuildConfiguration;
			buildSettings = {
				BUNDLE_LOADER = "$(TEST_HOST)";
				FRAMEWORK_SEARCH_PATHS = (
					"$(SDKROOT)/Developer/Library/Frameworks",
					"$(inherited)",
				);
				GCC_PREPROCESSOR_DEFINITIONS = (
					"DEBUG=1",
					"$(inherited)",
				);
				INFOPLIST_FILE = myContactInfoTests/Info.plist;
				LD_RUNPATH_SEARCH_PATHS = "$(inherited) @executable_path/Frameworks @loader_path/Frameworks";
				PRODUCT_NAME = "$(TARGET_NAME)";
				SWIFT_VERSION = 3.0;
				TEST_HOST = "$(BUILT_PRODUCTS_DIR)/myContactInfo.app/myContactInfo";
			};
			name = Debug;
		};
		46B70E4F1C9477180054EC03 /* Release */ = {
			isa = XCBuildConfiguration;
			buildSettings = {
				BUNDLE_LOADER = "$(TEST_HOST)";
				FRAMEWORK_SEARCH_PATHS = (
					"$(SDKROOT)/Developer/Library/Frameworks",
					"$(inherited)",
				);
				INFOPLIST_FILE = myContactInfoTests/Info.plist;
				LD_RUNPATH_SEARCH_PATHS = "$(inherited) @executable_path/Frameworks @loader_path/Frameworks";
				PRODUCT_NAME = "$(TARGET_NAME)";
				SWIFT_VERSION = 3.0;
				TEST_HOST = "$(BUILT_PRODUCTS_DIR)/myContactInfo.app/myContactInfo";
			};
			name = Release;
		};
/* End XCBuildConfiguration section */

/* Begin XCConfigurationList section */
		46B70E261C9477180054EC03 /* Build configuration list for PBXProject "myContactInfo" */ = {
			isa = XCConfigurationList;
			buildConfigurations = (
				46B70E481C9477180054EC03 /* Debug */,
				46B70E491C9477180054EC03 /* Release */,
			);
			defaultConfigurationIsVisible = 0;
			defaultConfigurationName = Release;
		};
		46B70E4A1C9477180054EC03 /* Build configuration list for PBXNativeTarget "myContactInfo" */ = {
			isa = XCConfigurationList;
			buildConfigurations = (
				46B70E4B1C9477180054EC03 /* Debug */,
				46B70E4C1C9477180054EC03 /* Release */,
			);
			defaultConfigurationIsVisible = 0;
			defaultConfigurationName = Release;
		};
		46B70E4D1C9477180054EC03 /* Build configuration list for PBXNativeTarget "myContactInfoTests" */ = {
			isa = XCConfigurationList;
			buildConfigurations = (
				46B70E4E1C9477180054EC03 /* Debug */,
				46B70E4F1C9477180054EC03 /* Release */,
			);
			defaultConfigurationIsVisible = 0;
			defaultConfigurationName = Release;
		};
/* End XCConfigurationList section */
	};
	rootObject = 46B70E231C9477180054EC03 /* Project object */;
}
